# This file is automatically @generated by Cargo.
# It is not intended for manual editing.
version = 3

[[package]]
name = "hive-boundary-bus"
version = "0.0.1"

[[package]]
name = "hive-cli"
version = "0.0.1"

[[package]]
name = "hive-constraint-compiler"
version = "0.0.1"

[[package]]
name = "hive-contracts"
version = "0.0.1"

[[package]]
name = "hive-director"
version = "0.0.1"

[[package]]
name = "hive-evaluator"
version = "0.0.1"

[[package]]
name = "hive-patch-scheduler"
version = "0.0.1"

[[package]]
name = "hive-temporal-cache"
version = "0.0.1"
